
Microsoft Visual Studio Solution File, Format Version 12.00
Project("{FAE04EC0-301F-11D3-BF4B-00C04F79EFBC}") = "BlazorServerTest", "BlazorServerTest\BlazorServerTest.csproj", "{78D2D73C-B7FF-4000-B6B7-64681664BD88}"
EndProject
Project("{FAE04EC0-301F-11D3-BF4B-00C04F79EFBC}") = "BlazorComponents", "BlazorComponents\BlazorComponents.csproj", "{C1C76DA2-A31F-4033-9B55-6954A4D29E07}"
EndProject
Global
	GlobalSection(SolutionConfigurationPlatforms) = preSolution
		Debug|Any CPU = Debug|Any CPU
		Release|Any CPU = Release|Any CPU
	EndGlobalSection
	GlobalSection(ProjectConfigurationPlatforms) = postSolution
		{78D2D73C-B7FF-4000-B6B7-64681664BD88}.Debug|Any CPU.ActiveCfg = Debug|Any CPU
		{78D2D73C-B7FF-4000-B6B7-64681664BD88}.Debug|Any CPU.Build.0 = Debug|Any CPU
		{78D2D73C-B7FF-4000-B6B7-64681664BD88}.Release|Any CPU.ActiveCfg = Release|Any CPU
		{78D2D73C-B7FF-4000-B6B7-64681664BD88}.Release|Any CPU.Build.0 = Release|Any CPU
		{C1C76DA2-A31F-4033-9B55-6954A4D29E07}.Debug|Any CPU.ActiveCfg = Debug|Any CPU
		{C1C76DA2-A31F-4033-9B55-6954A4D29E07}.Debug|Any CPU.Build.0 = Debug|Any CPU
		{C1C76DA2-A31F-4033-9B55-6954A4D29E07}.Release|Any CPU.ActiveCfg = Release|Any CPU
		{C1C76DA2-A31F-4033-9B55-6954A4D29E07}.Release|Any CPU.Build.0 = Release|Any CPU
	EndGlobalSection
EndGlobal
